
Microsoft Visual Studio Solution File, Format Version 12.00
# Visual Studio 15
VisualStudioVersion = 15.0.28307.1022
MinimumVisualStudioVersion = 10.0.40219.1
Project("{FAE04EC0-301F-11D3-BF4B-00C04F79EFBC}") = "Armando_ClassJualBeli", "Armando_ClassJualBeli\Armando_ClassJualBeli.csproj", "{B4F2AF00-D0CC-466A-B636-7881202380C4}"
EndProject
Global
	GlobalSection(SolutionConfigurationPlatforms) = preSolution
		Debug|Any CPU = Debug|Any CPU
		Release|Any CPU = Release|Any CPU
	EndGlobalSection
	GlobalSection(ProjectConfigurationPlatforms) = postSolution
		{B4F2AF00-D0CC-466A-B636-7881202380C4}.Debug|Any CPU.ActiveCfg = Debug|Any CPU
		{B4F2AF00-D0CC-466A-B636-7881202380C4}.Debug|Any CPU.Build.0 = Debug|Any CPU
		{B4F2AF00-D0CC-466A-B636-7881202380C4}.Release|Any CPU.ActiveCfg = Release|Any CPU
		{B4F2AF00-D0CC-466A-B636-7881202380C4}.Release|Any CPU.Build.0 = Release|Any CPU
	EndGlobalSection
	GlobalSection(SolutionProperties) = preSolution
		HideSolutionNode = FALSE
	EndGlobalSection
	GlobalSection(ExtensibilityGlobals) = postSolution
		SolutionGuid = {67152853-F9C3-4136-9784-04F42E5F9E17}
	EndGlobalSection
EndGlobal
